// !$*UTF8*$!
{
	archiveVersion = 1;
	classes = {
	};
	objectVersion = 50;
	objects = {

/* Begin PBXBuildFile section */
		CED358B9F4D64F4ACC7BEF89 /* Pods_SwiftDIContainer.framework in Frameworks */ = {isa = PBXBuildFile; fileRef = B4FDBEBAC3167ED7225C3141 /* Pods_SwiftDIContainer.framework */; };
		F4C10A5F22C227A8001017C9 /* SwiftDIContainer.framework in Frameworks */ = {isa = PBXBuildFile; fileRef = F4C10A5522C227A8001017C9 /* SwiftDIContainer.framework */; };
		F4C10A6422C227A8001017C9 /* SwiftDIContainerTests.swift in Sources */ = {isa = PBXBuildFile; fileRef = F4C10A6322C227A8001017C9 /* SwiftDIContainerTests.swift */; };
		F4C10A6622C227A8001017C9 /* SwiftDIContainer.h in Headers */ = {isa = PBXBuildFile; fileRef = F4C10A5822C227A8001017C9 /* SwiftDIContainer.h */; settings = {ATTRIBUTES = (Public, ); }; };
		F4C10A7122C22803001017C9 /* SwiftDIContainer.swift in Sources */ = {isa = PBXBuildFile; fileRef = F4C10A7022C22803001017C9 /* SwiftDIContainer.swift */; };
		F4C10A7922C22896001017C9 /* AppDelegate.swift in Sources */ = {isa = PBXBuildFile; fileRef = F4C10A7822C22896001017C9 /* AppDelegate.swift */; };
		F4C10A7B22C22896001017C9 /* ViewController.swift in Sources */ = {isa = PBXBuildFile; fileRef = F4C10A7A22C22896001017C9 /* ViewController.swift */; };
		F4C10A7E22C22896001017C9 /* Main.storyboard in Resources */ = {isa = PBXBuildFile; fileRef = F4C10A7C22C22896001017C9 /* Main.storyboard */; };
		F4C10A8022C22897001017C9 /* Assets.xcassets in Resources */ = {isa = PBXBuildFile; fileRef = F4C10A7F22C22897001017C9 /* Assets.xcassets */; };
		F4C10A8322C22897001017C9 /* LaunchScreen.storyboard in Resources */ = {isa = PBXBuildFile; fileRef = F4C10A8122C22897001017C9 /* LaunchScreen.storyboard */; };
/* End PBXBuildFile section */

/* Begin PBXContainerItemProxy section */
		F4C10A6022C227A8001017C9 /* PBXContainerItemProxy */ = {
			isa = PBXContainerItemProxy;
			containerPortal = F4C10A4C22C227A8001017C9 /* Project object */;
			proxyType = 1;
			remoteGlobalIDString = F4C10A5422C227A8001017C9;
			remoteInfo = SwiftDIContainer;
		};
/* End PBXContainerItemProxy section */

/* Begin PBXFileReference section */
		B4FDBEBAC3167ED7225C3141 /* Pods_SwiftDIContainer.framework */ = {isa = PBXFileReference; explicitFileType = wrapper.framework; includeInIndex = 0; path = Pods_SwiftDIContainer.framework; sourceTree = BUILT_PRODUCTS_DIR; };
		B543EA1006E77C62F726B071 /* Pods-SwiftDIContainer.release.xcconfig */ = {isa = PBXFileReference; includeInIndex = 1; lastKnownFileType = text.xcconfig; name = "Pods-SwiftDIContainer.release.xcconfig"; path = "Target Support Files/Pods-SwiftDIContainer/Pods-SwiftDIContainer.release.xcconfig"; sourceTree = "<group>"; };
		DAE50B8D710ECD6EF181641C /* Pods-SwiftDIContainer.debug.xcconfig */ = {isa = PBXFileReference; includeInIndex = 1; lastKnownFileType = text.xcconfig; name = "Pods-SwiftDIContainer.debug.xcconfig"; path = "Target Support Files/Pods-SwiftDIContainer/Pods-SwiftDIContainer.debug.xcconfig"; sourceTree = "<group>"; };
		F4C10A5522C227A8001017C9 /* SwiftDIContainer.framework */ = {isa = PBXFileReference; explicitFileType = wrapper.framework; includeInIndex = 0; path = SwiftDIContainer.framework; sourceTree = BUILT_PRODUCTS_DIR; };
		F4C10A5822C227A8001017C9 /* SwiftDIContainer.h */ = {isa = PBXFileReference; lastKnownFileType = sourcecode.c.h; path = SwiftDIContainer.h; sourceTree = "<group>"; };
		F4C10A5922C227A8001017C9 /* Info.plist */ = {isa = PBXFileReference; lastKnownFileType = text.plist.xml; path = Info.plist; sourceTree = "<group>"; };
		F4C10A5E22C227A8001017C9 /* SwiftDIContainerTests.xctest */ = {isa = PBXFileReference; explicitFileType = wrapper.cfbundle; includeInIndex = 0; path = SwiftDIContainerTests.xctest; sourceTree = BUILT_PRODUCTS_DIR; };
		F4C10A6322C227A8001017C9 /* SwiftDIContainerTests.swift */ = {isa = PBXFileReference; lastKnownFileType = sourcecode.swift; path = SwiftDIContainerTests.swift; sourceTree = "<group>"; };
		F4C10A6522C227A8001017C9 /* Info.plist */ = {isa = PBXFileReference; lastKnownFileType = text.plist.xml; path = Info.plist; sourceTree = "<group>"; };
		F4C10A7022C22803001017C9 /* SwiftDIContainer.swift */ = {isa = PBXFileReference; fileEncoding = 4; lastKnownFileType = sourcecode.swift; path = SwiftDIContainer.swift; sourceTree = "<group>"; };
		F4C10A7622C22896001017C9 /* SwiftDIContainerSample.app */ = {isa = PBXFileReference; explicitFileType = wrapper.application; includeInIndex = 0; path = SwiftDIContainerSample.app; sourceTree = BUILT_PRODUCTS_DIR; };
		F4C10A7822C22896001017C9 /* AppDelegate.swift */ = {isa = PBXFileReference; lastKnownFileType = sourcecode.swift; path = AppDelegate.swift; sourceTree = "<group>"; };
		F4C10A7A22C22896001017C9 /* ViewController.swift */ = {isa = PBXFileReference; lastKnownFileType = sourcecode.swift; path = ViewController.swift; sourceTree = "<group>"; };
		F4C10A7D22C22896001017C9 /* Base */ = {isa = PBXFileReference; lastKnownFileType = file.storyboard; name = Base; path = Base.lproj/Main.storyboard; sourceTree = "<group>"; };
		F4C10A7F22C22897001017C9 /* Assets.xcassets */ = {isa = PBXFileReference; lastKnownFileType = folder.assetcatalog; path = Assets.xcassets; sourceTree = "<group>"; };
		F4C10A8222C22897001017C9 /* Base */ = {isa = PBXFileReference; lastKnownFileType = file.storyboard; name = Base; path = Base.lproj/LaunchScreen.storyboard; sourceTree = "<group>"; };
		F4C10A8422C22897001017C9 /* Info.plist */ = {isa = PBXFileReference; lastKnownFileType = text.plist.xml; path = Info.plist; sourceTree = "<group>"; };
/* End PBXFileReference section */

/* Begin PBXFrameworksBuildPhase section */
		F4C10A5222C227A8001017C9 /* Frameworks */ = {
			isa = PBXFrameworksBuildPhase;
			buildActionMask = 2147483647;
			files = (
				CED358B9F4D64F4ACC7BEF89 /* Pods_SwiftDIContainer.framework in Frameworks */,
			);
			runOnlyForDeploymentPostprocessing = 0;
		};
		F4C10A5B22C227A8001017C9 /* Frameworks */ = {
			isa = PBXFrameworksBuildPhase;
			buildActionMask = 2147483647;
			files = (
				F4C10A5F22C227A8001017C9 /* SwiftDIContainer.framework in Frameworks */,
			);
			runOnlyForDeploymentPostprocessing = 0;
		};
		F4C10A7322C22896001017C9 /* Frameworks */ = {
			isa = PBXFrameworksBuildPhase;
			buildActionMask = 2147483647;
			files = (
			);
			runOnlyForDeploymentPostprocessing = 0;
		};
/* End PBXFrameworksBuildPhase section */

/* Begin PBXGroup section */
		833542CA3487BB24495A8DDD /* Frameworks */ = {
			isa = PBXGroup;
			children = (
				B4FDBEBAC3167ED7225C3141 /* Pods_SwiftDIContainer.framework */,
			);
			name = Frameworks;
			sourceTree = "<group>";
		};
		AC2FC97C4E66CC35C435ACAA /* Pods */ = {
			isa = PBXGroup;
			children = (
				DAE50B8D710ECD6EF181641C /* Pods-SwiftDIContainer.debug.xcconfig */,
				B543EA1006E77C62F726B071 /* Pods-SwiftDIContainer.release.xcconfig */,
			);
			path = Pods;
			sourceTree = "<group>";
		};
		F4C10A4B22C227A8001017C9 = {
			isa = PBXGroup;
			children = (
				F4C10A5722C227A8001017C9 /* SwiftDIContainer */,
				F4C10A6222C227A8001017C9 /* SwiftDIContainerTests */,
				F4C10A7722C22896001017C9 /* SwiftDIContainerSample */,
				F4C10A5622C227A8001017C9 /* Products */,
				AC2FC97C4E66CC35C435ACAA /* Pods */,
				833542CA3487BB24495A8DDD /* Frameworks */,
			);
			sourceTree = "<group>";
		};
		F4C10A5622C227A8001017C9 /* Products */ = {
			isa = PBXGroup;
			children = (
				F4C10A5522C227A8001017C9 /* SwiftDIContainer.framework */,
				F4C10A5E22C227A8001017C9 /* SwiftDIContainerTests.xctest */,
				F4C10A7622C22896001017C9 /* SwiftDIContainerSample.app */,
			);
			name = Products;
			sourceTree = "<group>";
		};
		F4C10A5722C227A8001017C9 /* SwiftDIContainer */ = {
			isa = PBXGroup;
			children = (
				F4C10A6F22C22803001017C9 /* Classes */,
				F4C10A5822C227A8001017C9 /* SwiftDIContainer.h */,
				F4C10A5922C227A8001017C9 /* Info.plist */,
			);
			path = SwiftDIContainer;
			sourceTree = "<group>";
		};
		F4C10A6222C227A8001017C9 /* SwiftDIContainerTests */ = {
			isa = PBXGroup;
			children = (
				F4C10A6322C227A8001017C9 /* SwiftDIContainerTests.swift */,
				F4C10A6522C227A8001017C9 /* Info.plist */,
			);
			path = SwiftDIContainerTests;
			sourceTree = "<group>";
		};
		F4C10A6F22C22803001017C9 /* Classes */ = {
			isa = PBXGroup;
			children = (
				F4C10A7022C22803001017C9 /* SwiftDIContainer.swift */,
			);
			path = Classes;
			sourceTree = "<group>";
		};
		F4C10A7722C22896001017C9 /* SwiftDIContainerSample */ = {
			isa = PBXGroup;
			children = (
				F4C10A7822C22896001017C9 /* AppDelegate.swift */,
				F4C10A7A22C22896001017C9 /* ViewController.swift */,
				F4C10A7C22C22896001017C9 /* Main.storyboard */,
				F4C10A7F22C22897001017C9 /* Assets.xcassets */,
				F4C10A8122C22897001017C9 /* LaunchScreen.storyboard */,
				F4C10A8422C22897001017C9 /* Info.plist */,
			);
			path = SwiftDIContainerSample;
			sourceTree = "<group>";
		};
/* End PBXGroup section */

/* Begin PBXHeadersBuildPhase section */
		F4C10A5022C227A8001017C9 /* Headers */ = {
			isa = PBXHeadersBuildPhase;
			buildActionMask = 2147483647;
			files = (
				F4C10A6622C227A8001017C9 /* SwiftDIContainer.h in Headers */,
			);
			runOnlyForDeploymentPostprocessing = 0;
		};
/* End PBXHeadersBuildPhase section */

/* Begin PBXNativeTarget section */
		F4C10A5422C227A8001017C9 /* SwiftDIContainer */ = {
			isa = PBXNativeTarget;
			buildConfigurationList = F4C10A6922C227A8001017C9 /* Build configuration list for PBXNativeTarget "SwiftDIContainer" */;
			buildPhases = (
				9C9F1B51C5CB207C0922AE64 /* [CP] Check Pods Manifest.lock */,
				F4C10A5022C227A8001017C9 /* Headers */,
				F4C10A5122C227A8001017C9 /* Sources */,
				F4C10A5222C227A8001017C9 /* Frameworks */,
				F4C10A5322C227A8001017C9 /* Resources */,
			);
			buildRules = (
			);
			dependencies = (
			);
			name = SwiftDIContainer;
			productName = SwiftDIContainer;
			productReference = F4C10A5522C227A8001017C9 /* SwiftDIContainer.framework */;
			productType = "com.apple.product-type.framework";
		};
		F4C10A5D22C227A8001017C9 /* SwiftDIContainerTests */ = {
			isa = PBXNativeTarget;
			buildConfigurationList = F4C10A6C22C227A8001017C9 /* Build configuration list for PBXNativeTarget "SwiftDIContainerTests" */;
			buildPhases = (
				F4C10A5A22C227A8001017C9 /* Sources */,
				F4C10A5B22C227A8001017C9 /* Frameworks */,
				F4C10A5C22C227A8001017C9 /* Resources */,
			);
			buildRules = (
			);
			dependencies = (
				F4C10A6122C227A8001017C9 /* PBXTargetDependency */,
			);
			name = SwiftDIContainerTests;
			productName = SwiftDIContainerTests;
			productReference = F4C10A5E22C227A8001017C9 /* SwiftDIContainerTests.xctest */;
			productType = "com.apple.product-type.bundle.unit-test";
		};
		F4C10A7522C22896001017C9 /* SwiftDIContainerSample */ = {
			isa = PBXNativeTarget;
			buildConfigurationList = F4C10A8522C22897001017C9 /* Build configuration list for PBXNativeTarget "SwiftDIContainerSample" */;
			buildPhases = (
				F4C10A7222C22896001017C9 /* Sources */,
				F4C10A7322C22896001017C9 /* Frameworks */,
				F4C10A7422C22896001017C9 /* Resources */,
			);
			buildRules = (
			);
			dependencies = (
			);
			name = SwiftDIContainerSample;
			productName = SwiftDIContainerSample;
			productReference = F4C10A7622C22896001017C9 /* SwiftDIContainerSample.app */;
			productType = "com.apple.product-type.application";
		};
/* End PBXNativeTarget section */

/* Begin PBXProject section */
		F4C10A4C22C227A8001017C9 /* Project object */ = {
			isa = PBXProject;
			attributes = {
				LastSwiftUpdateCheck = 1020;
				LastUpgradeCheck = 1020;
				ORGANIZATIONNAME = shiuchi;
				TargetAttributes = {
					F4C10A5422C227A8001017C9 = {
						CreatedOnToolsVersion = 10.2.1;
					};
					F4C10A5D22C227A8001017C9 = {
						CreatedOnToolsVersion = 10.2.1;
					};
					F4C10A7522C22896001017C9 = {
						CreatedOnToolsVersion = 10.2.1;
					};
				};
			};
			buildConfigurationList = F4C10A4F22C227A8001017C9 /* Build configuration list for PBXProject "SwiftDIContainer" */;
			compatibilityVersion = "Xcode 9.3";
			developmentRegion = en;
			hasScannedForEncodings = 0;
			knownRegions = (
				en,
				Base,
			);
			mainGroup = F4C10A4B22C227A8001017C9;
			productRefGroup = F4C10A5622C227A8001017C9 /* Products */;
			projectDirPath = "";
			projectRoot = "";
			targets = (
				F4C10A5422C227A8001017C9 /* SwiftDIContainer */,
				F4C10A5D22C227A8001017C9 /* SwiftDIContainerTests */,
				F4C10A7522C22896001017C9 /* SwiftDIContainerSample */,
			);
		};
/* End PBXProject section */

/* Begin PBXResourcesBuildPhase section */
		F4C10A5322C227A8001017C9 /* Resources */ = {
			isa = PBXResourcesBuildPhase;
			buildActionMask = 2147483647;
			files = (
			);
			runOnlyForDeploymentPostprocessing = 0;
		};
		F4C10A5C22C227A8001017C9 /* Resources */ = {
			isa = PBXResourcesBuildPhase;
			buildActionMask = 2147483647;
			files = (
			);
			runOnlyForDeploymentPostprocessing = 0;
		};
		F4C10A7422C22896001017C9 /* Resources */ = {
			isa = PBXResourcesBuildPhase;
			buildActionMask = 2147483647;
			files = (
				F4C10A8322C22897001017C9 /* LaunchScreen.storyboard in Resources */,
				F4C10A8022C22897001017C9 /* Assets.xcassets in Resources */,
				F4C10A7E22C22896001017C9 /* Main.storyboard in Resources */,
			);
			runOnlyForDeploymentPostprocessing = 0;
		};
/* End PBXResourcesBuildPhase section */

/* Begin PBXShellScriptBuildPhase section */
		9C9F1B51C5CB207C0922AE64 /* [CP] Check Pods Manifest.lock */ = {
			isa = PBXShellScriptBuildPhase;
			buildActionMask = 2147483647;
			files = (
			);
			inputFileListPaths = (
			);
			inputPaths = (
				"${PODS_PODFILE_DIR_PATH}/Podfile.lock",
				"${PODS_ROOT}/Manifest.lock",
			);
			name = "[CP] Check Pods Manifest.lock";
			outputFileListPaths = (
			);
			outputPaths = (
				"$(DERIVED_FILE_DIR)/Pods-SwiftDIContainer-checkManifestLockResult.txt",
			);
			runOnlyForDeploymentPostprocessing = 0;
			shellPath = /bin/sh;
			shellScript = "diff \"${PODS_PODFILE_DIR_PATH}/Podfile.lock\" \"${PODS_ROOT}/Manifest.lock\" > /dev/null\nif [ $? != 0 ] ; then\n    # print error to STDERR\n    echo \"error: The sandbox is not in sync with the Podfile.lock. Run 'pod install' or update your CocoaPods installation.\" >&2\n    exit 1\nfi\n# This output is used by Xcode 'outputs' to avoid re-running this script phase.\necho \"SUCCESS\" > \"${SCRIPT_OUTPUT_FILE_0}\"\n";
			showEnvVarsInLog = 0;
		};
/* End PBXShellScriptBuildPhase section */

/* Begin PBXSourcesBuildPhase section */
		F4C10A5122C227A8001017C9 /* Sources */ = {
			isa = PBXSourcesBuildPhase;
			buildActionMask = 2147483647;
			files = (
				F4C10A7122C22803001017C9 /* SwiftDIContainer.swift in Sources */,
			);
			runOnlyForDeploymentPostprocessing = 0;
		};
		F4C10A5A22C227A8001017C9 /* Sources */ = {
			isa = PBXSourcesBuildPhase;
			buildActionMask = 2147483647;
			files = (
				F4C10A6422C227A8001017C9 /* SwiftDIContainerTests.swift in Sources */,
			);
			runOnlyForDeploymentPostprocessing = 0;
		};
		F4C10A7222C22896001017C9 /* Sources */ = {
			isa = PBXSourcesBuildPhase;
			buildActionMask = 2147483647;
			files = (
				F4C10A7B22C22896001017C9 /* ViewController.swift in Sources */,
				F4C10A7922C22896001017C9 /* AppDelegate.swift in Sources */,
			);
			runOnlyForDeploymentPostprocessing = 0;
		};
/* End PBXSourcesBuildPhase section */

/* Begin PBXTargetDependency section */
		F4C10A6122C227A8001017C9 /* PBXTargetDependency */ = {
			isa = PBXTargetDependency;
			target = F4C10A5422C227A8001017C9 /* SwiftDIContainer */;
			targetProxy = F4C10A6022C227A8001017C9 /* PBXContainerItemProxy */;
		};
/* End PBXTargetDependency section */

/* Begin PBXVariantGroup section */
		F4C10A7C22C22896001017C9 /* Main.storyboard */ = {
			isa = PBXVariantGroup;
			children = (
				F4C10A7D22C22896001017C9 /* Base */,
			);
			name = Main.storyboard;
			sourceTree = "<group>";
		};
		F4C10A8122C22897001017C9 /* LaunchScreen.storyboard */ = {
			isa = PBXVariantGroup;
			children = (
				F4C10A8222C22897001017C9 /* Base */,
			);
			name = LaunchScreen.storyboard;
			sourceTree = "<group>";
		};
/* End PBXVariantGroup section */

/* Begin XCBuildConfiguration section */
		F4C10A6722C227A8001017C9 /* Debug */ = {
			isa = XCBuildConfiguration;
			buildSettings = {
				ALWAYS_SEARCH_USER_PATHS = NO;
				CLANG_ANALYZER_NONNULL = YES;
				CLANG_ANALYZER_NUMBER_OBJECT_CONVERSION = YES_AGGRESSIVE;
				CLANG_CXX_LANGUAGE_STANDARD = "gnu++14";
				CLANG_CXX_LIBRARY = "libc++";
				CLANG_ENABLE_MODULES = YES;
				CLANG_ENABLE_OBJC_ARC = YES;
				CLANG_ENABLE_OBJC_WEAK = YES;
				CLANG_WARN_BLOCK_CAPTURE_AUTORELEASING = YES;
				CLANG_WARN_BOOL_CONVERSION = YES;
				CLANG_WARN_COMMA = YES;
				CLANG_WARN_CONSTANT_CONVERSION = YES;
				CLANG_WARN_DEPRECATED_OBJC_IMPLEMENTATIONS = YES;
				CLANG_WARN_DIRECT_OBJC_ISA_USAGE = YES_ERROR;
				CLANG_WARN_DOCUMENTATION_COMMENTS = YES;
				CLANG_WARN_EMPTY_BODY = YES;
				CLANG_WARN_ENUM_CONVERSION = YES;
				CLANG_WARN_INFINITE_RECURSION = YES;
				CLANG_WARN_INT_CONVERSION = YES;
				CLANG_WARN_NON_LITERAL_NULL_CONVERSION = YES;
				CLANG_WARN_OBJC_IMPLICIT_RETAIN_SELF = YES;
				CLANG_WARN_OBJC_LITERAL_CONVERSION = YES;
				CLANG_WARN_OBJC_ROOT_CLASS = YES_ERROR;
				CLANG_WARN_RANGE_LOOP_ANALYSIS = YES;
				CLANG_WARN_STRICT_PROTOTYPES = YES;
				CLANG_WARN_SUSPICIOUS_MOVE = YES;
				CLANG_WARN_UNGUARDED_AVAILABILITY = YES_AGGRESSIVE;
				CLANG_WARN_UNREACHABLE_CODE = YES;
				CLANG_WARN__DUPLICATE_METHOD_MATCH = YES;
				CODE_SIGN_IDENTITY = "iPhone Developer";
				COPY_PHASE_STRIP = NO;
				CURRENT_PROJECT_VERSION = 1;
				DEBUG_INFORMATION_FORMAT = dwarf;
				ENABLE_STRICT_OBJC_MSGSEND = YES;
				ENABLE_TESTABILITY = YES;
				GCC_C_LANGUAGE_STANDARD = gnu11;
				GCC_DYNAMIC_NO_PIC = NO;
				GCC_NO_COMMON_BLOCKS = YES;
				GCC_OPTIMIZATION_LEVEL = 0;
				GCC_PREPROCESSOR_DEFINITIONS = (
					"DEBUG=1",
					"$(inherited)",
				);
				GCC_WARN_64_TO_32_BIT_CONVERSION = YES;
				GCC_WARN_ABOUT_RETURN_TYPE = YES_ERROR;
				GCC_WARN_UNDECLARED_SELECTOR = YES;
				GCC_WARN_UNINITIALIZED_AUTOS = YES_AGGRESSIVE;
				GCC_WARN_UNUSED_FUNCTION = YES;
				GCC_WARN_UNUSED_VARIABLE = YES;
				IPHONEOS_DEPLOYMENT_TARGET = 12.2;
				MTL_ENABLE_DEBUG_INFO = INCLUDE_SOURCE;
				MTL_FAST_MATH = YES;
				ONLY_ACTIVE_ARCH = YES;
				SDKROOT = iphoneos;
				SWIFT_ACTIVE_COMPILATION_CONDITIONS = DEBUG;
				SWIFT_OPTIMIZATION_LEVEL = "-Onone";
				SWIFT_VERSION = 4.0;
				VERSIONING_SYSTEM = "apple-generic";
				VERSION_INFO_PREFIX = "";
			};
			name = Debug;
		};
		F4C10A6822C227A8001017C9 /* Release */ = {
			isa = XCBuildConfiguration;
			buildSettings = {
				ALWAYS_SEARCH_USER_PATHS = NO;
				CLANG_ANALYZER_NONNULL = YES;
				CLANG_ANALYZER_NUMBER_OBJECT_CONVERSION = YES_AGGRESSIVE;
				CLANG_CXX_LANGUAGE_STANDARD = "gnu++14";
				CLANG_CXX_LIBRARY = "libc++";
				CLANG_ENABLE_MODULES = YES;
				CLANG_ENABLE_OBJC_ARC = YES;
				CLANG_ENABLE_OBJC_WEAK = YES;
				CLANG_WARN_BLOCK_CAPTURE_AUTORELEASING = YES;
				CLANG_WARN_BOOL_CONVERSION = YES;
				CLANG_WARN_COMMA = YES;
				CLANG_WARN_CONSTANT_CONVERSION = YES;
				CLANG_WARN_DEPRECATED_OBJC_IMPLEMENTATIONS = YES;
				CLANG_WARN_DIRECT_OBJC_ISA_USAGE = YES_ERROR;
				CLANG_WARN_DOCUMENTATION_COMMENTS = YES;
				CLANG_WARN_EMPTY_BODY = YES;
				CLANG_WARN_ENUM_CONVERSION = YES;
				CLANG_WARN_INFINITE_RECURSION = YES;
				CLANG_WARN_INT_CONVERSION = YES;
				CLANG_WARN_NON_LITERAL_NULL_CONVERSION = YES;
				CLANG_WARN_OBJC_IMPLICIT_RETAIN_SELF = YES;
				CLANG_WARN_OBJC_LITERAL_CONVERSION = YES;
				CLANG_WARN_OBJC_ROOT_CLASS = YES_ERROR;
				CLANG_WARN_RANGE_LOOP_ANALYSIS = YES;
				CLANG_WARN_STRICT_PROTOTYPES = YES;
				CLANG_WARN_SUSPICIOUS_MOVE = YES;
				CLANG_WARN_UNGUARDED_AVAILABILITY = YES_AGGRESSIVE;
				CLANG_WARN_UNREACHABLE_CODE = YES;
				CLANG_WARN__DUPLICATE_METHOD_MATCH = YES;
				CODE_SIGN_IDENTITY = "iPhone Developer";
				COPY_PHASE_STRIP = NO;
				CURRENT_PROJECT_VERSION = 1;
				DEBUG_INFORMATION_FORMAT = "dwarf-with-dsym";
				ENABLE_NS_ASSERTIONS = NO;
				ENABLE_STRICT_OBJC_MSGSEND = YES;
				GCC_C_LANGUAGE_STANDARD = gnu11;
				GCC_NO_COMMON_BLOCKS = YES;
				GCC_WARN_64_TO_32_BIT_CONVERSION = YES;
				GCC_WARN_ABOUT_RETURN_TYPE = YES_ERROR;
				GCC_WARN_UNDECLARED_SELECTOR = YES;
				GCC_WARN_UNINITIALIZED_AUTOS = YES_AGGRESSIVE;
				GCC_WARN_UNUSED_FUNCTION = YES;
				GCC_WARN_UNUSED_VARIABLE = YES;
				IPHONEOS_DEPLOYMENT_TARGET = 12.2;
				MTL_ENABLE_DEBUG_INFO = NO;
				MTL_FAST_MATH = YES;
				SDKROOT = iphoneos;
				SWIFT_COMPILATION_MODE = wholemodule;
				SWIFT_OPTIMIZATION_LEVEL = "-O";
				SWIFT_VERSION = 4.0;
				VALIDATE_PRODUCT = YES;
				VERSIONING_SYSTEM = "apple-generic";
				VERSION_INFO_PREFIX = "";
			};
			name = Release;
		};
		F4C10A6A22C227A8001017C9 /* Debug */ = {
			isa = XCBuildConfiguration;
			baseConfigurationReference = DAE50B8D710ECD6EF181641C /* Pods-SwiftDIContainer.debug.xcconfig */;
			buildSettings = {
				CODE_SIGN_IDENTITY = "";
				CODE_SIGN_STYLE = Automatic;
				DEFINES_MODULE = YES;
				DEVELOPMENT_TEAM = 684D7JEAFF;
				DYLIB_COMPATIBILITY_VERSION = 1;
				DYLIB_CURRENT_VERSION = 1;
				DYLIB_INSTALL_NAME_BASE = "@rpath";
				INFOPLIST_FILE = SwiftDIContainer/Info.plist;
				INSTALL_PATH = "$(LOCAL_LIBRARY_DIR)/Frameworks";
				LD_RUNPATH_SEARCH_PATHS = (
					"$(inherited)",
					"@executable_path/Frameworks",
					"@loader_path/Frameworks",
				);
				PRODUCT_BUNDLE_IDENTIFIER = SwiftDIContainer.SwiftDIContainer;
				PRODUCT_NAME = "$(TARGET_NAME:c99extidentifier)";
				SKIP_INSTALL = YES;
				SWIFT_VERSION = 5.0;
				TARGETED_DEVICE_FAMILY = "1,2";
			};
			name = Debug;
		};
		F4C10A6B22C227A8001017C9 /* Release */ = {
			isa = XCBuildConfiguration;
			baseConfigurationReference = B543EA1006E77C62F726B071 /* Pods-SwiftDIContainer.release.xcconfig */;
			buildSettings = {
				CODE_SIGN_IDENTITY = "";
				CODE_SIGN_STYLE = Automatic;
				DEFINES_MODULE = YES;
				DEVELOPMENT_TEAM = 684D7JEAFF;
				DYLIB_COMPATIBILITY_VERSION = 1;
				DYLIB_CURRENT_VERSION = 1;
				DYLIB_INSTALL_NAME_BASE = "@rpath";
				INFOPLIST_FILE = SwiftDIContainer/Info.plist;
				INSTALL_PATH = "$(LOCAL_LIBRARY_DIR)/Frameworks";
				LD_RUNPATH_SEARCH_PATHS = (
					"$(inherited)",
					"@executable_path/Frameworks",
					"@loader_path/Frameworks",
				);
				PRODUCT_BUNDLE_IDENTIFIER = SwiftDIContainer.SwiftDIContainer;
				PRODUCT_NAME = "$(TARGET_NAME:c99extidentifier)";
				SKIP_INSTALL = YES;
				SWIFT_VERSION = 5.0;
				TARGETED_DEVICE_FAMILY = "1,2";
			};
			name = Release;
		};
		F4C10A6D22C227A8001017C9 /* Debug */ = {
			isa = XCBuildConfiguration;
			buildSettings = {
				ALWAYS_EMBED_SWIFT_STANDARD_LIBRARIES = YES;
				CODE_SIGN_STYLE = Automatic;
				DEVELOPMENT_TEAM = 684D7JEAFF;
				INFOPLIST_FILE = SwiftDIContainerTests/Info.plist;
				LD_RUNPATH_SEARCH_PATHS = (
					"$(inherited)",
					"@executable_path/Frameworks",
					"@loader_path/Frameworks",
				);
				PRODUCT_BUNDLE_IDENTIFIER = SwiftDIContainer.SwiftDIContainerTests;
				PRODUCT_NAME = "$(TARGET_NAME)";
				SWIFT_VERSION = 5.0;
				TARGETED_DEVICE_FAMILY = "1,2";
			};
			name = Debug;
		};
		F4C10A6E22C227A8001017C9 /* Release */ = {
			isa = XCBuildConfiguration;
			buildSettings = {
				ALWAYS_EMBED_SWIFT_STANDARD_LIBRARIES = YES;
				CODE_SIGN_STYLE = Automatic;
				DEVELOPMENT_TEAM = 684D7JEAFF;
				INFOPLIST_FILE = SwiftDIContainerTests/Info.plist;
				LD_RUNPATH_SEARCH_PATHS = (
					"$(inherited)",
					"@executable_path/Frameworks",
					"@loader_path/Frameworks",
				);
				PRODUCT_BUNDLE_IDENTIFIER = SwiftDIContainer.SwiftDIContainerTests;
				PRODUCT_NAME = "$(TARGET_NAME)";
				SWIFT_VERSION = 5.0;
				TARGETED_DEVICE_FAMILY = "1,2";
			};
			name = Release;
		};
		F4C10A8622C22897001017C9 /* Debug */ = {
			isa = XCBuildConfiguration;
			buildSettings = {
				ASSETCATALOG_COMPILER_APPICON_NAME = AppIcon;
				CODE_SIGN_STYLE = Automatic;
				DEVELOPMENT_TEAM = 684D7JEAFF;
				INFOPLIST_FILE = SwiftDIContainerSample/Info.plist;
				LD_RUNPATH_SEARCH_PATHS = (
					"$(inherited)",
					"@executable_path/Frameworks",
				);
				PRODUCT_BUNDLE_IDENTIFIER = SwiftDIContainer.SwiftDIContainerSample;
				PRODUCT_NAME = "$(TARGET_NAME)";
				SWIFT_VERSION = 4.2;
				TARGETED_DEVICE_FAMILY = "1,2";
			};
			name = Debug;
		};
		F4C10A8722C22897001017C9 /* Release */ = {
			isa = XCBuildConfiguration;
			buildSettings = {
				ASSETCATALOG_COMPILER_APPICON_NAME = AppIcon;
				CODE_SIGN_STYLE = Automatic;
				DEVELOPMENT_TEAM = 684D7JEAFF;
				INFOPLIST_FILE = SwiftDIContainerSample/Info.plist;
				LD_RUNPATH_SEARCH_PATHS = (
					"$(inherited)",
					"@executable_path/Frameworks",
				);
				PRODUCT_BUNDLE_IDENTIFIER = SwiftDIContainer.SwiftDIContainerSample;
				PRODUCT_NAME = "$(TARGET_NAME)";
				SWIFT_VERSION = 4.2;
				TARGETED_DEVICE_FAMILY = "1,2";
			};
			name = Release;
		};
/* End XCBuildConfiguration section */

/* Begin XCConfigurationList section */
		F4C10A4F22C227A8001017C9 /* Build configuration list for PBXProject "SwiftDIContainer" */ = {
			isa = XCConfigurationList;
			buildConfigurations = (
				F4C10A6722C227A8001017C9 /* Debug */,
				F4C10A6822C227A8001017C9 /* Release */,
			);
			defaultConfigurationIsVisible = 0;
			defaultConfigurationName = Release;
		};
		F4C10A6922C227A8001017C9 /* Build configuration list for PBXNativeTarget "SwiftDIContainer" */ = {
			isa = XCConfigurationList;
			buildConfigurations = (
				F4C10A6A22C227A8001017C9 /* Debug */,
				F4C10A6B22C227A8001017C9 /* Release */,
			);
			defaultConfigurationIsVisible = 0;
			defaultConfigurationName = Release;
		};
		F4C10A6C22C227A8001017C9 /* Build configuration list for PBXNativeTarget "SwiftDIContainerTests" */ = {
			isa = XCConfigurationList;
			buildConfigurations = (
				F4C10A6D22C227A8001017C9 /* Debug */,
				F4C10A6E22C227A8001017C9 /* Release */,
			);
			defaultConfigurationIsVisible = 0;
			defaultConfigurationName = Release;
		};
		F4C10A8522C22897001017C9 /* Build configuration list for PBXNativeTarget "SwiftDIContainerSample" */ = {
			isa = XCConfigurationList;
			buildConfigurations = (
				F4C10A8622C22897001017C9 /* Debug */,
				F4C10A8722C22897001017C9 /* Release */,
			);
			defaultConfigurationIsVisible = 0;
			defaultConfigurationName = Release;
		};
/* End XCConfigurationList section */
	};
	rootObject = F4C10A4C22C227A8001017C9 /* Project object */;
}
